ManArticleBlock:
  type: object
  properties:
    content:
      '$ref': '#/definitions/Content'
      description: 本文 (block)

    deleted:
      type: boolean
      description: is deleted
    create_time:
      type: number
    modified:
      type: number
    title:
      type: string
    next_idx:
      '$ref': '#/definitions/RespNextIdx'
    tokenuser:
      type: string
      description: the user-id of the token.
